
Microsoft Visual Studio Solution File, Format Version 12.00
# Visual Studio 15
VisualStudioVersion = 15.0.28010.0
MinimumVisualStudioVersion = 10.0.40219.1
Project("{FAE04EC0-301F-11D3-BF4B-00C04F79EFBC}") = "HighlightEngine", "MassiveGame\HighlightEngine.csproj", "{043B5CD0-86B5-412E-9368-763BBAB92248}"
EndProject
Project("{FAE04EC0-301F-11D3-BF4B-00C04F79EFBC}") = "UIControls", "WFUIControls\UIControls.csproj", "{CBFDA7AF-C46F-4273-8FF5-C7D335E2B7B1}"
EndProject
Project("{FAE04EC0-301F-11D3-BF4B-00C04F79EFBC}") = "2DGameTable", "DLL\2DGameTable\2DGameTable\2DGameTable.csproj", "{9692CEF8-193D-4696-9820-9D26C94294A0}"
EndProject
Project("{FAE04EC0-301F-11D3-BF4B-00C04F79EFBC}") = "CParser", "DLL\CParser\CRender\CParser.csproj", "{F257E347-38D2-4542-A898-40FB05B0852B}"
EndProject
Project("{FAE04EC0-301F-11D3-BF4B-00C04F79EFBC}") = "FramebufferAPI", "DLL\FramebufferAPI\FramebufferAPI\FramebufferAPI.csproj", "{48CDF51F-A311-4D4B-B7F5-A9D11AFD67F8}"
EndProject
Project("{FAE04EC0-301F-11D3-BF4B-00C04F79EFBC}") = "PhysicsBox", "DLL\PhysicsBox\PhysicsBox\PhysicsBox.csproj", "{3B045858-F0F0-41E3-825B-C1C6BB3799F7}"
EndProject
Project("{FAE04EC0-301F-11D3-BF4B-00C04F79EFBC}") = "ShaderPattern", "DLL\ShaderPattern\ShaderPattern\ShaderPattern.csproj", "{0F8ACDED-024C-4B24-A383-745098CA3432}"
EndProject
Project("{FAE04EC0-301F-11D3-BF4B-00C04F79EFBC}") = "TextureLoader", "DLL\TextureLoader\TextureLoader\TextureLoader\TextureLoader.csproj", "{670BF72D-9CBE-425C-A429-9902AE702047}"
EndProject
Project("{FAE04EC0-301F-11D3-BF4B-00C04F79EFBC}") = "VBO", "DLL\VBO\VBO\VBO.csproj", "{3A22604C-9C06-4423-B1A3-606C1CC5CD54}"
EndProject
Project("{FAE04EC0-301F-11D3-BF4B-00C04F79EFBC}") = "VectorMath", "DLL\VectorMath\VectorMath\VectorMath.csproj", "{2FAFBE7A-4393-46C9-9463-04D211F3EAB1}"
EndProject
Project("{FAE04EC0-301F-11D3-BF4B-00C04F79EFBC}") = "CollisionEditor", "CollisionEditor\OTKWinForm\CollisionEditor.csproj", "{72985472-F61E-428A-977A-2A7D0CE45B94}"
EndProject
Global
	GlobalSection(SolutionConfigurationPlatforms) = preSolution
		Debug|Any CPU = Debug|Any CPU
		Debug|Mixed Platforms = Debug|Mixed Platforms
		Debug|x86 = Debug|x86
		DesignEditor|Any CPU = DesignEditor|Any CPU
		DesignEditor|Mixed Platforms = DesignEditor|Mixed Platforms
		DesignEditor|x86 = DesignEditor|x86
		Release|Any CPU = Release|Any CPU
		Release|Mixed Platforms = Release|Mixed Platforms
		Release|x86 = Release|x86
	EndGlobalSection
	GlobalSection(ProjectConfigurationPlatforms) = postSolution
		{043B5CD0-86B5-412E-9368-763BBAB92248}.Debug|Any CPU.ActiveCfg = Debug|x86
		{043B5CD0-86B5-412E-9368-763BBAB92248}.Debug|Mixed Platforms.ActiveCfg = Debug|Any CPU
		{043B5CD0-86B5-412E-9368-763BBAB92248}.Debug|x86.ActiveCfg = Debug|Any CPU
		{043B5CD0-86B5-412E-9368-763BBAB92248}.Debug|x86.Build.0 = Debug|Any CPU
		{043B5CD0-86B5-412E-9368-763BBAB92248}.DesignEditor|Any CPU.ActiveCfg = DesignEditor|Any CPU
		{043B5CD0-86B5-412E-9368-763BBAB92248}.DesignEditor|Any CPU.Build.0 = DesignEditor|Any CPU
		{043B5CD0-86B5-412E-9368-763BBAB92248}.DesignEditor|Mixed Platforms.ActiveCfg = DesignEditor|Any CPU
		{043B5CD0-86B5-412E-9368-763BBAB92248}.DesignEditor|Mixed Platforms.Build.0 = DesignEditor|Any CPU
		{043B5CD0-86B5-412E-9368-763BBAB92248}.DesignEditor|x86.ActiveCfg = DesignEditor|x86
		{043B5CD0-86B5-412E-9368-763BBAB92248}.DesignEditor|x86.Build.0 = DesignEditor|x86
		{043B5CD0-86B5-412E-9368-763BBAB92248}.Release|Any CPU.ActiveCfg = Debug|Any CPU
		{043B5CD0-86B5-412E-9368-763BBAB92248}.Release|Any CPU.Build.0 = Debug|Any CPU
		{043B5CD0-86B5-412E-9368-763BBAB92248}.Release|Mixed Platforms.ActiveCfg = Release|Any CPU
		{043B5CD0-86B5-412E-9368-763BBAB92248}.Release|Mixed Platforms.Build.0 = Release|Any CPU
		{043B5CD0-86B5-412E-9368-763BBAB92248}.Release|x86.ActiveCfg = Debug|Any CPU
		{043B5CD0-86B5-412E-9368-763BBAB92248}.Release|x86.Build.0 = Debug|Any CPU
		{CBFDA7AF-C46F-4273-8FF5-C7D335E2B7B1}.Debug|Any CPU.ActiveCfg = Debug|Any CPU
		{CBFDA7AF-C46F-4273-8FF5-C7D335E2B7B1}.Debug|Any CPU.Build.0 = Debug|Any CPU
		{CBFDA7AF-C46F-4273-8FF5-C7D335E2B7B1}.Debug|Mixed Platforms.ActiveCfg = Debug|Any CPU
		{CBFDA7AF-C46F-4273-8FF5-C7D335E2B7B1}.Debug|x86.ActiveCfg = Debug|Any CPU
		{CBFDA7AF-C46F-4273-8FF5-C7D335E2B7B1}.Debug|x86.Build.0 = Debug|Any CPU
		{CBFDA7AF-C46F-4273-8FF5-C7D335E2B7B1}.DesignEditor|Any CPU.ActiveCfg = Debug|Any CPU
		{CBFDA7AF-C46F-4273-8FF5-C7D335E2B7B1}.DesignEditor|Any CPU.Build.0 = Debug|Any CPU
		{CBFDA7AF-C46F-4273-8FF5-C7D335E2B7B1}.DesignEditor|Mixed Platforms.ActiveCfg = Debug|Any CPU
		{CBFDA7AF-C46F-4273-8FF5-C7D335E2B7B1}.DesignEditor|x86.ActiveCfg = Debug|Any CPU
		{CBFDA7AF-C46F-4273-8FF5-C7D335E2B7B1}.DesignEditor|x86.Build.0 = Debug|Any CPU
		{CBFDA7AF-C46F-4273-8FF5-C7D335E2B7B1}.Release|Any CPU.ActiveCfg = Debug|Any CPU
		{CBFDA7AF-C46F-4273-8FF5-C7D335E2B7B1}.Release|Any CPU.Build.0 = Debug|Any CPU
		{CBFDA7AF-C46F-4273-8FF5-C7D335E2B7B1}.Release|Mixed Platforms.ActiveCfg = Debug|Any CPU
		{CBFDA7AF-C46F-4273-8FF5-C7D335E2B7B1}.Release|Mixed Platforms.Build.0 = Debug|Any CPU
		{CBFDA7AF-C46F-4273-8FF5-C7D335E2B7B1}.Release|x86.ActiveCfg = Debug|Any CPU
		{CBFDA7AF-C46F-4273-8FF5-C7D335E2B7B1}.Release|x86.Build.0 = Debug|Any CPU
		{9692CEF8-193D-4696-9820-9D26C94294A0}.Debug|Any CPU.ActiveCfg = Debug|Any CPU
		{9692CEF8-193D-4696-9820-9D26C94294A0}.Debug|Any CPU.Build.0 = Debug|Any CPU
		{9692CEF8-193D-4696-9820-9D26C94294A0}.Debug|Mixed Platforms.ActiveCfg = Debug|Any CPU
		{9692CEF8-193D-4696-9820-9D26C94294A0}.Debug|x86.ActiveCfg = Debug|Any CPU
		{9692CEF8-193D-4696-9820-9D26C94294A0}.DesignEditor|Any CPU.ActiveCfg = Debug|Any CPU
		{9692CEF8-193D-4696-9820-9D26C94294A0}.DesignEditor|Any CPU.Build.0 = Debug|Any CPU
		{9692CEF8-193D-4696-9820-9D26C94294A0}.DesignEditor|Mixed Platforms.ActiveCfg = Debug|Any CPU
		{9692CEF8-193D-4696-9820-9D26C94294A0}.DesignEditor|x86.ActiveCfg = Debug|Any CPU
		{9692CEF8-193D-4696-9820-9D26C94294A0}.DesignEditor|x86.Build.0 = Debug|Any CPU
		{9692CEF8-193D-4696-9820-9D26C94294A0}.Release|Any CPU.ActiveCfg = Debug|Any CPU
		{9692CEF8-193D-4696-9820-9D26C94294A0}.Release|Any CPU.Build.0 = Debug|Any CPU
		{9692CEF8-193D-4696-9820-9D26C94294A0}.Release|Mixed Platforms.ActiveCfg = Debug|Any CPU
		{9692CEF8-193D-4696-9820-9D26C94294A0}.Release|Mixed Platforms.Build.0 = Debug|Any CPU
		{9692CEF8-193D-4696-9820-9D26C94294A0}.Release|x86.ActiveCfg = Debug|Any CPU
		{9692CEF8-193D-4696-9820-9D26C94294A0}.Release|x86.Build.0 = Debug|Any CPU
		{F257E347-38D2-4542-A898-40FB05B0852B}.Debug|Any CPU.ActiveCfg = Debug|Any CPU
		{F257E347-38D2-4542-A898-40FB05B0852B}.Debug|Any CPU.Build.0 = Debug|Any CPU
		{F257E347-38D2-4542-A898-40FB05B0852B}.Debug|Mixed Platforms.ActiveCfg = Debug|Any CPU
		{F257E347-38D2-4542-A898-40FB05B0852B}.Debug|x86.ActiveCfg = Debug|Any CPU
		{F257E347-38D2-4542-A898-40FB05B0852B}.DesignEditor|Any CPU.ActiveCfg = Debug|Any CPU
		{F257E347-38D2-4542-A898-40FB05B0852B}.DesignEditor|Any CPU.Build.0 = Debug|Any CPU
		{F257E347-38D2-4542-A898-40FB05B0852B}.DesignEditor|Mixed Platforms.ActiveCfg = Debug|Any CPU
		{F257E347-38D2-4542-A898-40FB05B0852B}.DesignEditor|Mixed Platforms.Build.0 = Debug|Any CPU
		{F257E347-38D2-4542-A898-40FB05B0852B}.DesignEditor|x86.ActiveCfg = Debug|Any CPU
		{F257E347-38D2-4542-A898-40FB05B0852B}.DesignEditor|x86.Build.0 = Debug|Any CPU
		{F257E347-38D2-4542-A898-40FB05B0852B}.Release|Any CPU.ActiveCfg = Debug|Any CPU
		{F257E347-38D2-4542-A898-40FB05B0852B}.Release|Any CPU.Build.0 = Debug|Any CPU
		{F257E347-38D2-4542-A898-40FB05B0852B}.Release|Mixed Platforms.ActiveCfg = Debug|Any CPU
		{F257E347-38D2-4542-A898-40FB05B0852B}.Release|Mixed Platforms.Build.0 = Debug|Any CPU
		{F257E347-38D2-4542-A898-40FB05B0852B}.Release|x86.ActiveCfg = Debug|Any CPU
		{F257E347-38D2-4542-A898-40FB05B0852B}.Release|x86.Build.0 = Debug|Any CPU
		{48CDF51F-A311-4D4B-B7F5-A9D11AFD67F8}.Debug|Any CPU.ActiveCfg = Debug|Any CPU
		{48CDF51F-A311-4D4B-B7F5-A9D11AFD67F8}.Debug|Any CPU.Build.0 = Debug|Any CPU
		{48CDF51F-A311-4D4B-B7F5-A9D11AFD67F8}.Debug|Mixed Platforms.ActiveCfg = Debug|Any CPU
		{48CDF51F-A311-4D4B-B7F5-A9D11AFD67F8}.Debug|x86.ActiveCfg = Debug|Any CPU
		{48CDF51F-A311-4D4B-B7F5-A9D11AFD67F8}.DesignEditor|Any CPU.ActiveCfg = Debug|Any CPU
		{48CDF51F-A311-4D4B-B7F5-A9D11AFD67F8}.DesignEditor|Any CPU.Build.0 = Debug|Any CPU
		{48CDF51F-A311-4D4B-B7F5-A9D11AFD67F8}.DesignEditor|Mixed Platforms.ActiveCfg = Debug|Any CPU
		{48CDF51F-A311-4D4B-B7F5-A9D11AFD67F8}.DesignEditor|Mixed Platforms.Build.0 = Debug|Any CPU
		{48CDF51F-A311-4D4B-B7F5-A9D11AFD67F8}.DesignEditor|x86.ActiveCfg = Debug|Any CPU
		{48CDF51F-A311-4D4B-B7F5-A9D11AFD67F8}.DesignEditor|x86.Build.0 = Debug|Any CPU
		{48CDF51F-A311-4D4B-B7F5-A9D11AFD67F8}.Release|Any CPU.ActiveCfg = Debug|Any CPU
		{48CDF51F-A311-4D4B-B7F5-A9D11AFD67F8}.Release|Any CPU.Build.0 = Debug|Any CPU
		{48CDF51F-A311-4D4B-B7F5-A9D11AFD67F8}.Release|Mixed Platforms.ActiveCfg = Debug|Any CPU
		{48CDF51F-A311-4D4B-B7F5-A9D11AFD67F8}.Release|Mixed Platforms.Build.0 = Debug|Any CPU
		{48CDF51F-A311-4D4B-B7F5-A9D11AFD67F8}.Release|x86.ActiveCfg = Debug|Any CPU
		{48CDF51F-A311-4D4B-B7F5-A9D11AFD67F8}.Release|x86.Build.0 = Debug|Any CPU
		{3B045858-F0F0-41E3-825B-C1C6BB3799F7}.Debug|Any CPU.ActiveCfg = Debug|Any CPU
		{3B045858-F0F0-41E3-825B-C1C6BB3799F7}.Debug|Any CPU.Build.0 = Debug|Any CPU
		{3B045858-F0F0-41E3-825B-C1C6BB3799F7}.Debug|Mixed Platforms.ActiveCfg = Debug|Any CPU
		{3B045858-F0F0-41E3-825B-C1C6BB3799F7}.Debug|x86.ActiveCfg = Debug|Any CPU
		{3B045858-F0F0-41E3-825B-C1C6BB3799F7}.DesignEditor|Any CPU.ActiveCfg = Debug|Any CPU
		{3B045858-F0F0-41E3-825B-C1C6BB3799F7}.DesignEditor|Any CPU.Build.0 = Debug|Any CPU
		{3B045858-F0F0-41E3-825B-C1C6BB3799F7}.DesignEditor|Mixed Platforms.ActiveCfg = Debug|Any CPU
		{3B045858-F0F0-41E3-825B-C1C6BB3799F7}.DesignEditor|Mixed Platforms.Build.0 = Debug|Any CPU
		{3B045858-F0F0-41E3-825B-C1C6BB3799F7}.DesignEditor|x86.ActiveCfg = Debug|Any CPU
		{3B045858-F0F0-41E3-825B-C1C6BB3799F7}.DesignEditor|x86.Build.0 = Debug|Any CPU
		{3B045858-F0F0-41E3-825B-C1C6BB3799F7}.Release|Any CPU.ActiveCfg = Debug|Any CPU
		{3B045858-F0F0-41E3-825B-C1C6BB3799F7}.Release|Any CPU.Build.0 = Debug|Any CPU
		{3B045858-F0F0-41E3-825B-C1C6BB3799F7}.Release|Mixed Platforms.ActiveCfg = Debug|Any CPU
		{3B045858-F0F0-41E3-825B-C1C6BB3799F7}.Release|Mixed Platforms.Build.0 = Debug|Any CPU
		{3B045858-F0F0-41E3-825B-C1C6BB3799F7}.Release|x86.ActiveCfg = Debug|Any CPU
		{3B045858-F0F0-41E3-825B-C1C6BB3799F7}.Release|x86.Build.0 = Debug|Any CPU
		{0F8ACDED-024C-4B24-A383-745098CA3432}.Debug|Any CPU.ActiveCfg = Debug|Any CPU
		{0F8ACDED-024C-4B24-A383-745098CA3432}.Debug|Any CPU.Build.0 = Debug|Any CPU
		{0F8ACDED-024C-4B24-A383-745098CA3432}.Debug|Mixed Platforms.ActiveCfg = Debug|Any CPU
		{0F8ACDED-024C-4B24-A383-745098CA3432}.Debug|x86.ActiveCfg = Debug|Any CPU
		{0F8ACDED-024C-4B24-A383-745098CA3432}.DesignEditor|Any CPU.ActiveCfg = Debug|Any CPU
		{0F8ACDED-024C-4B24-A383-745098CA3432}.DesignEditor|Any CPU.Build.0 = Debug|Any CPU
		{0F8ACDED-024C-4B24-A383-745098CA3432}.DesignEditor|Mixed Platforms.ActiveCfg = Debug|Any CPU
		{0F8ACDED-024C-4B24-A383-745098CA3432}.DesignEditor|Mixed Platforms.Build.0 = Debug|Any CPU
		{0F8ACDED-024C-4B24-A383-745098CA3432}.DesignEditor|x86.ActiveCfg = Debug|Any CPU
		{0F8ACDED-024C-4B24-A383-745098CA3432}.DesignEditor|x86.Build.0 = Debug|Any CPU
		{0F8ACDED-024C-4B24-A383-745098CA3432}.Release|Any CPU.ActiveCfg = Debug|Any CPU
		{0F8ACDED-024C-4B24-A383-745098CA3432}.Release|Any CPU.Build.0 = Debug|Any CPU
		{0F8ACDED-024C-4B24-A383-745098CA3432}.Release|Mixed Platforms.ActiveCfg = Debug|Any CPU
		{0F8ACDED-024C-4B24-A383-745098CA3432}.Release|Mixed Platforms.Build.0 = Debug|Any CPU
		{0F8ACDED-024C-4B24-A383-745098CA3432}.Release|x86.ActiveCfg = Debug|Any CPU
		{0F8ACDED-024C-4B24-A383-745098CA3432}.Release|x86.Build.0 = Debug|Any CPU
		{670BF72D-9CBE-425C-A429-9902AE702047}.Debug|Any CPU.ActiveCfg = Debug|Any CPU
		{670BF72D-9CBE-425C-A429-9902AE702047}.Debug|Any CPU.Build.0 = Debug|Any CPU
		{670BF72D-9CBE-425C-A429-9902AE702047}.Debug|Mixed Platforms.ActiveCfg = Debug|Any CPU
		{670BF72D-9CBE-425C-A429-9902AE702047}.Debug|x86.ActiveCfg = Debug|Any CPU
		{670BF72D-9CBE-425C-A429-9902AE702047}.DesignEditor|Any CPU.ActiveCfg = Debug|Any CPU
		{670BF72D-9CBE-425C-A429-9902AE702047}.DesignEditor|Any CPU.Build.0 = Debug|Any CPU
		{670BF72D-9CBE-425C-A429-9902AE702047}.DesignEditor|Mixed Platforms.ActiveCfg = Debug|Any CPU
		{670BF72D-9CBE-425C-A429-9902AE702047}.DesignEditor|Mixed Platforms.Build.0 = Debug|Any CPU
		{670BF72D-9CBE-425C-A429-9902AE702047}.DesignEditor|x86.ActiveCfg = Debug|Any CPU
		{670BF72D-9CBE-425C-A429-9902AE702047}.DesignEditor|x86.Build.0 = Debug|Any CPU
		{670BF72D-9CBE-425C-A429-9902AE702047}.Release|Any CPU.ActiveCfg = Debug|Any CPU
		{670BF72D-9CBE-425C-A429-9902AE702047}.Release|Any CPU.Build.0 = Debug|Any CPU
		{670BF72D-9CBE-425C-A429-9902AE702047}.Release|Mixed Platforms.ActiveCfg = Debug|Any CPU
		{670BF72D-9CBE-425C-A429-9902AE702047}.Release|Mixed Platforms.Build.0 = Debug|Any CPU
		{670BF72D-9CBE-425C-A429-9902AE702047}.Release|x86.ActiveCfg = Debug|Any CPU
		{670BF72D-9CBE-425C-A429-9902AE702047}.Release|x86.Build.0 = Debug|Any CPU
		{3A22604C-9C06-4423-B1A3-606C1CC5CD54}.Debug|Any CPU.ActiveCfg = Debug|Any CPU
		{3A22604C-9C06-4423-B1A3-606C1CC5CD54}.Debug|Any CPU.Build.0 = Debug|Any CPU
		{3A22604C-9C06-4423-B1A3-606C1CC5CD54}.Debug|Mixed Platforms.ActiveCfg = Debug|Any CPU
		{3A22604C-9C06-4423-B1A3-606C1CC5CD54}.Debug|x86.ActiveCfg = Debug|Any CPU
		{3A22604C-9C06-4423-B1A3-606C1CC5CD54}.DesignEditor|Any CPU.ActiveCfg = Debug|Any CPU
		{3A22604C-9C06-4423-B1A3-606C1CC5CD54}.DesignEditor|Any CPU.Build.0 = Debug|Any CPU
		{3A22604C-9C06-4423-B1A3-606C1CC5CD54}.DesignEditor|Mixed Platforms.ActiveCfg = Debug|Any CPU
		{3A22604C-9C06-4423-B1A3-606C1CC5CD54}.DesignEditor|Mixed Platforms.Build.0 = Debug|Any CPU
		{3A22604C-9C06-4423-B1A3-606C1CC5CD54}.DesignEditor|x86.ActiveCfg = Debug|Any CPU
		{3A22604C-9C06-4423-B1A3-606C1CC5CD54}.DesignEditor|x86.Build.0 = Debug|Any CPU
		{3A22604C-9C06-4423-B1A3-606C1CC5CD54}.Release|Any CPU.ActiveCfg = Debug|Any CPU
		{3A22604C-9C06-4423-B1A3-606C1CC5CD54}.Release|Any CPU.Build.0 = Debug|Any CPU
		{3A22604C-9C06-4423-B1A3-606C1CC5CD54}.Release|Mixed Platforms.ActiveCfg = Debug|Any CPU
		{3A22604C-9C06-4423-B1A3-606C1CC5CD54}.Release|Mixed Platforms.Build.0 = Debug|Any CPU
		{3A22604C-9C06-4423-B1A3-606C1CC5CD54}.Release|x86.ActiveCfg = Debug|Any CPU
		{3A22604C-9C06-4423-B1A3-606C1CC5CD54}.Release|x86.Build.0 = Debug|Any CPU
		{2FAFBE7A-4393-46C9-9463-04D211F3EAB1}.Debug|Any CPU.ActiveCfg = Debug|Any CPU
		{2FAFBE7A-4393-46C9-9463-04D211F3EAB1}.Debug|Any CPU.Build.0 = Debug|Any CPU
		{2FAFBE7A-4393-46C9-9463-04D211F3EAB1}.Debug|Mixed Platforms.ActiveCfg = Debug|Any CPU
		{2FAFBE7A-4393-46C9-9463-04D211F3EAB1}.Debug|x86.ActiveCfg = Debug|Any CPU
		{2FAFBE7A-4393-46C9-9463-04D211F3EAB1}.DesignEditor|Any CPU.ActiveCfg = Debug|Any CPU
		{2FAFBE7A-4393-46C9-9463-04D211F3EAB1}.DesignEditor|Any CPU.Build.0 = Debug|Any CPU
		{2FAFBE7A-4393-46C9-9463-04D211F3EAB1}.DesignEditor|Mixed Platforms.ActiveCfg = Debug|Any CPU
		{2FAFBE7A-4393-46C9-9463-04D211F3EAB1}.DesignEditor|Mixed Platforms.Build.0 = Debug|Any CPU
		{2FAFBE7A-4393-46C9-9463-04D211F3EAB1}.DesignEditor|x86.ActiveCfg = Debug|Any CPU
		{2FAFBE7A-4393-46C9-9463-04D211F3EAB1}.DesignEditor|x86.Build.0 = Debug|Any CPU
		{2FAFBE7A-4393-46C9-9463-04D211F3EAB1}.Release|Any CPU.ActiveCfg = Debug|Any CPU
		{2FAFBE7A-4393-46C9-9463-04D211F3EAB1}.Release|Any CPU.Build.0 = Debug|Any CPU
		{2FAFBE7A-4393-46C9-9463-04D211F3EAB1}.Release|Mixed Platforms.ActiveCfg = Debug|Any CPU
		{2FAFBE7A-4393-46C9-9463-04D211F3EAB1}.Release|Mixed Platforms.Build.0 = Debug|Any CPU
		{2FAFBE7A-4393-46C9-9463-04D211F3EAB1}.Release|x86.ActiveCfg = Debug|Any CPU
		{2FAFBE7A-4393-46C9-9463-04D211F3EAB1}.Release|x86.Build.0 = Debug|Any CPU
		{72985472-F61E-428A-977A-2A7D0CE45B94}.Debug|Any CPU.ActiveCfg = Debug|Any CPU
		{72985472-F61E-428A-977A-2A7D0CE45B94}.Debug|Any CPU.Build.0 = Debug|Any CPU
		{72985472-F61E-428A-977A-2A7D0CE45B94}.Debug|Mixed Platforms.ActiveCfg = Debug|Any CPU
		{72985472-F61E-428A-977A-2A7D0CE45B94}.Debug|x86.ActiveCfg = Debug|Any CPU
		{72985472-F61E-428A-977A-2A7D0CE45B94}.Debug|x86.Build.0 = Debug|Any CPU
		{72985472-F61E-428A-977A-2A7D0CE45B94}.DesignEditor|Any CPU.ActiveCfg = Debug|Any CPU
		{72985472-F61E-428A-977A-2A7D0CE45B94}.DesignEditor|Any CPU.Build.0 = Debug|Any CPU
		{72985472-F61E-428A-977A-2A7D0CE45B94}.DesignEditor|Mixed Platforms.ActiveCfg = Debug|Any CPU
		{72985472-F61E-428A-977A-2A7D0CE45B94}.DesignEditor|x86.ActiveCfg = Debug|Any CPU
		{72985472-F61E-428A-977A-2A7D0CE45B94}.DesignEditor|x86.Build.0 = Debug|Any CPU
		{72985472-F61E-428A-977A-2A7D0CE45B94}.Release|Any CPU.ActiveCfg = Debug|Any CPU
		{72985472-F61E-428A-977A-2A7D0CE45B94}.Release|Any CPU.Build.0 = Debug|Any CPU
		{72985472-F61E-428A-977A-2A7D0CE45B94}.Release|Mixed Platforms.ActiveCfg = Debug|Any CPU
		{72985472-F61E-428A-977A-2A7D0CE45B94}.Release|Mixed Platforms.Build.0 = Debug|Any CPU
		{72985472-F61E-428A-977A-2A7D0CE45B94}.Release|x86.ActiveCfg = Debug|Any CPU
		{72985472-F61E-428A-977A-2A7D0CE45B94}.Release|x86.Build.0 = Debug|Any CPU
	EndGlobalSection
	GlobalSection(SolutionProperties) = preSolution
		HideSolutionNode = FALSE
	EndGlobalSection
	GlobalSection(ExtensibilityGlobals) = postSolution
		SolutionGuid = {13B7A9E9-3392-4B56-AB30-3021CAFFD6E3}
	EndGlobalSection
EndGlobal
