
Microsoft Visual Studio Solution File, Format Version 12.00
# Visual Studio 15
VisualStudioVersion = 15.0.28010.2046
MinimumVisualStudioVersion = 10.0.40219.1
Project("{FAE04EC0-301F-11D3-BF4B-00C04F79EFBC}") = "HighlightEngine", "MassiveGame\HighlightEngine.csproj", "{043B5CD0-86B5-412E-9368-763BBAB92248}"
EndProject
Project("{FAE04EC0-301F-11D3-BF4B-00C04F79EFBC}") = "UIControls", "WFUIControls\UIControls.csproj", "{CBFDA7AF-C46F-4273-8FF5-C7D335E2B7B1}"
EndProject
Project("{FAE04EC0-301F-11D3-BF4B-00C04F79EFBC}") = "2DGameTable", "DLL\2DGameTable\2DGameTable\2DGameTable.csproj", "{9692CEF8-193D-4696-9820-9D26C94294A0}"
EndProject
Project("{FAE04EC0-301F-11D3-BF4B-00C04F79EFBC}") = "CParser", "DLL\CParser\CRender\CParser.csproj", "{F257E347-38D2-4542-A898-40FB05B0852B}"
EndProject
Project("{FAE04EC0-301F-11D3-BF4B-00C04F79EFBC}") = "FramebufferAPI", "DLL\FramebufferAPI\FramebufferAPI\FramebufferAPI.csproj", "{48CDF51F-A311-4D4B-B7F5-A9D11AFD67F8}"
EndProject
Project("{FAE04EC0-301F-11D3-BF4B-00C04F79EFBC}") = "ShaderPattern", "DLL\ShaderPattern\ShaderPattern\ShaderPattern.csproj", "{0F8ACDED-024C-4B24-A383-745098CA3432}"
EndProject
Project("{FAE04EC0-301F-11D3-BF4B-00C04F79EFBC}") = "TextureLoader", "DLL\TextureLoader\TextureLoader\TextureLoader\TextureLoader.csproj", "{670BF72D-9CBE-425C-A429-9902AE702047}"
EndProject
Project("{FAE04EC0-301F-11D3-BF4B-00C04F79EFBC}") = "VBO", "DLL\VBO\VBO\VBO.csproj", "{3A22604C-9C06-4423-B1A3-606C1CC5CD54}"
EndProject
Project("{FAE04EC0-301F-11D3-BF4B-00C04F79EFBC}") = "VectorMath", "DLL\VectorMath\VectorMath\VectorMath.csproj", "{2FAFBE7A-4393-46C9-9463-04D211F3EAB1}"
EndProject
Global
	GlobalSection(SolutionConfigurationPlatforms) = preSolution
		CollisionEditor|Any CPU = CollisionEditor|Any CPU
		CollisionEditor|Mixed Platforms = CollisionEditor|Mixed Platforms
		CollisionEditor|x86 = CollisionEditor|x86
		DebugGame|Any CPU = DebugGame|Any CPU
		DebugGame|Mixed Platforms = DebugGame|Mixed Platforms
		DebugGame|x86 = DebugGame|x86
		EngineEditor|Any CPU = EngineEditor|Any CPU
		EngineEditor|Mixed Platforms = EngineEditor|Mixed Platforms
		EngineEditor|x86 = EngineEditor|x86
		Release|Any CPU = Release|Any CPU
		Release|Mixed Platforms = Release|Mixed Platforms
		Release|x86 = Release|x86
	EndGlobalSection
	GlobalSection(ProjectConfigurationPlatforms) = postSolution
		{043B5CD0-86B5-412E-9368-763BBAB92248}.CollisionEditor|Any CPU.ActiveCfg = CollisionEditor|Any CPU
		{043B5CD0-86B5-412E-9368-763BBAB92248}.CollisionEditor|Any CPU.Build.0 = CollisionEditor|Any CPU
		{043B5CD0-86B5-412E-9368-763BBAB92248}.CollisionEditor|Mixed Platforms.ActiveCfg = CollisionEditor|Any CPU
		{043B5CD0-86B5-412E-9368-763BBAB92248}.CollisionEditor|Mixed Platforms.Build.0 = CollisionEditor|Any CPU
		{043B5CD0-86B5-412E-9368-763BBAB92248}.CollisionEditor|x86.ActiveCfg = CollisionEditor|Any CPU
		{043B5CD0-86B5-412E-9368-763BBAB92248}.CollisionEditor|x86.Build.0 = CollisionEditor|Any CPU
		{043B5CD0-86B5-412E-9368-763BBAB92248}.DebugGame|Any CPU.ActiveCfg = Debug|Any CPU
		{043B5CD0-86B5-412E-9368-763BBAB92248}.DebugGame|Mixed Platforms.ActiveCfg = Debug|Any CPU
		{043B5CD0-86B5-412E-9368-763BBAB92248}.DebugGame|x86.ActiveCfg = Debug|Any CPU
		{043B5CD0-86B5-412E-9368-763BBAB92248}.DebugGame|x86.Build.0 = Debug|Any CPU
		{043B5CD0-86B5-412E-9368-763BBAB92248}.EngineEditor|Any CPU.ActiveCfg = DesignEditor|Any CPU
		{043B5CD0-86B5-412E-9368-763BBAB92248}.EngineEditor|Any CPU.Build.0 = DesignEditor|Any CPU
		{043B5CD0-86B5-412E-9368-763BBAB92248}.EngineEditor|Mixed Platforms.ActiveCfg = DesignEditor|Any CPU
		{043B5CD0-86B5-412E-9368-763BBAB92248}.EngineEditor|Mixed Platforms.Build.0 = DesignEditor|Any CPU
		{043B5CD0-86B5-412E-9368-763BBAB92248}.EngineEditor|x86.ActiveCfg = DesignEditor|Any CPU
		{043B5CD0-86B5-412E-9368-763BBAB92248}.EngineEditor|x86.Build.0 = DesignEditor|Any CPU
		{043B5CD0-86B5-412E-9368-763BBAB92248}.Release|Any CPU.ActiveCfg = Debug|Any CPU
		{043B5CD0-86B5-412E-9368-763BBAB92248}.Release|Any CPU.Build.0 = Debug|Any CPU
		{043B5CD0-86B5-412E-9368-763BBAB92248}.Release|Mixed Platforms.ActiveCfg = Debug|Any CPU
		{043B5CD0-86B5-412E-9368-763BBAB92248}.Release|Mixed Platforms.Build.0 = Debug|Any CPU
		{043B5CD0-86B5-412E-9368-763BBAB92248}.Release|x86.ActiveCfg = Debug|Any CPU
		{043B5CD0-86B5-412E-9368-763BBAB92248}.Release|x86.Build.0 = Debug|Any CPU
		{CBFDA7AF-C46F-4273-8FF5-C7D335E2B7B1}.CollisionEditor|Any CPU.ActiveCfg = Debug|Any CPU
		{CBFDA7AF-C46F-4273-8FF5-C7D335E2B7B1}.CollisionEditor|Any CPU.Build.0 = Debug|Any CPU
		{CBFDA7AF-C46F-4273-8FF5-C7D335E2B7B1}.CollisionEditor|Mixed Platforms.ActiveCfg = Debug|Any CPU
		{CBFDA7AF-C46F-4273-8FF5-C7D335E2B7B1}.CollisionEditor|Mixed Platforms.Build.0 = Debug|Any CPU
		{CBFDA7AF-C46F-4273-8FF5-C7D335E2B7B1}.CollisionEditor|x86.ActiveCfg = Debug|Any CPU
		{CBFDA7AF-C46F-4273-8FF5-C7D335E2B7B1}.CollisionEditor|x86.Build.0 = Debug|Any CPU
		{CBFDA7AF-C46F-4273-8FF5-C7D335E2B7B1}.DebugGame|Any CPU.ActiveCfg = Debug|Any CPU
		{CBFDA7AF-C46F-4273-8FF5-C7D335E2B7B1}.DebugGame|Any CPU.Build.0 = Debug|Any CPU
		{CBFDA7AF-C46F-4273-8FF5-C7D335E2B7B1}.DebugGame|Mixed Platforms.ActiveCfg = Debug|Any CPU
		{CBFDA7AF-C46F-4273-8FF5-C7D335E2B7B1}.DebugGame|x86.ActiveCfg = Debug|Any CPU
		{CBFDA7AF-C46F-4273-8FF5-C7D335E2B7B1}.DebugGame|x86.Build.0 = Debug|Any CPU
		{CBFDA7AF-C46F-4273-8FF5-C7D335E2B7B1}.EngineEditor|Any CPU.ActiveCfg = Debug|Any CPU
		{CBFDA7AF-C46F-4273-8FF5-C7D335E2B7B1}.EngineEditor|Any CPU.Build.0 = Debug|Any CPU
		{CBFDA7AF-C46F-4273-8FF5-C7D335E2B7B1}.EngineEditor|Mixed Platforms.ActiveCfg = Debug|Any CPU
		{CBFDA7AF-C46F-4273-8FF5-C7D335E2B7B1}.EngineEditor|x86.ActiveCfg = Debug|Any CPU
		{CBFDA7AF-C46F-4273-8FF5-C7D335E2B7B1}.EngineEditor|x86.Build.0 = Debug|Any CPU
		{CBFDA7AF-C46F-4273-8FF5-C7D335E2B7B1}.Release|Any CPU.ActiveCfg = Debug|Any CPU
		{CBFDA7AF-C46F-4273-8FF5-C7D335E2B7B1}.Release|Any CPU.Build.0 = Debug|Any CPU
		{CBFDA7AF-C46F-4273-8FF5-C7D335E2B7B1}.Release|Mixed Platforms.ActiveCfg = Debug|Any CPU
		{CBFDA7AF-C46F-4273-8FF5-C7D335E2B7B1}.Release|Mixed Platforms.Build.0 = Debug|Any CPU
		{CBFDA7AF-C46F-4273-8FF5-C7D335E2B7B1}.Release|x86.ActiveCfg = Debug|Any CPU
		{CBFDA7AF-C46F-4273-8FF5-C7D335E2B7B1}.Release|x86.Build.0 = Debug|Any CPU
		{9692CEF8-193D-4696-9820-9D26C94294A0}.CollisionEditor|Any CPU.ActiveCfg = Debug|Any CPU
		{9692CEF8-193D-4696-9820-9D26C94294A0}.CollisionEditor|Any CPU.Build.0 = Debug|Any CPU
		{9692CEF8-193D-4696-9820-9D26C94294A0}.CollisionEditor|Mixed Platforms.ActiveCfg = Debug|Any CPU
		{9692CEF8-193D-4696-9820-9D26C94294A0}.CollisionEditor|Mixed Platforms.Build.0 = Debug|Any CPU
		{9692CEF8-193D-4696-9820-9D26C94294A0}.CollisionEditor|x86.ActiveCfg = Debug|Any CPU
		{9692CEF8-193D-4696-9820-9D26C94294A0}.CollisionEditor|x86.Build.0 = Debug|Any CPU
		{9692CEF8-193D-4696-9820-9D26C94294A0}.DebugGame|Any CPU.ActiveCfg = Debug|Any CPU
		{9692CEF8-193D-4696-9820-9D26C94294A0}.DebugGame|Any CPU.Build.0 = Debug|Any CPU
		{9692CEF8-193D-4696-9820-9D26C94294A0}.DebugGame|Mixed Platforms.ActiveCfg = Debug|Any CPU
		{9692CEF8-193D-4696-9820-9D26C94294A0}.DebugGame|x86.ActiveCfg = Debug|Any CPU
		{9692CEF8-193D-4696-9820-9D26C94294A0}.EngineEditor|Any CPU.ActiveCfg = Debug|Any CPU
		{9692CEF8-193D-4696-9820-9D26C94294A0}.EngineEditor|Any CPU.Build.0 = Debug|Any CPU
		{9692CEF8-193D-4696-9820-9D26C94294A0}.EngineEditor|Mixed Platforms.ActiveCfg = Debug|Any CPU
		{9692CEF8-193D-4696-9820-9D26C94294A0}.EngineEditor|x86.ActiveCfg = Debug|Any CPU
		{9692CEF8-193D-4696-9820-9D26C94294A0}.EngineEditor|x86.Build.0 = Debug|Any CPU
		{9692CEF8-193D-4696-9820-9D26C94294A0}.Release|Any CPU.ActiveCfg = Debug|Any CPU
		{9692CEF8-193D-4696-9820-9D26C94294A0}.Release|Any CPU.Build.0 = Debug|Any CPU
		{9692CEF8-193D-4696-9820-9D26C94294A0}.Release|Mixed Platforms.ActiveCfg = Debug|Any CPU
		{9692CEF8-193D-4696-9820-9D26C94294A0}.Release|Mixed Platforms.Build.0 = Debug|Any CPU
		{9692CEF8-193D-4696-9820-9D26C94294A0}.Release|x86.ActiveCfg = Debug|Any CPU
		{9692CEF8-193D-4696-9820-9D26C94294A0}.Release|x86.Build.0 = Debug|Any CPU
		{F257E347-38D2-4542-A898-40FB05B0852B}.CollisionEditor|Any CPU.ActiveCfg = Debug|Any CPU
		{F257E347-38D2-4542-A898-40FB05B0852B}.CollisionEditor|Any CPU.Build.0 = Debug|Any CPU
		{F257E347-38D2-4542-A898-40FB05B0852B}.CollisionEditor|Mixed Platforms.ActiveCfg = Debug|Any CPU
		{F257E347-38D2-4542-A898-40FB05B0852B}.CollisionEditor|Mixed Platforms.Build.0 = Debug|Any CPU
		{F257E347-38D2-4542-A898-40FB05B0852B}.CollisionEditor|x86.ActiveCfg = Debug|Any CPU
		{F257E347-38D2-4542-A898-40FB05B0852B}.CollisionEditor|x86.Build.0 = Debug|Any CPU
		{F257E347-38D2-4542-A898-40FB05B0852B}.DebugGame|Any CPU.ActiveCfg = Debug|Any CPU
		{F257E347-38D2-4542-A898-40FB05B0852B}.DebugGame|Any CPU.Build.0 = Debug|Any CPU
		{F257E347-38D2-4542-A898-40FB05B0852B}.DebugGame|Mixed Platforms.ActiveCfg = Debug|Any CPU
		{F257E347-38D2-4542-A898-40FB05B0852B}.DebugGame|x86.ActiveCfg = Debug|Any CPU
		{F257E347-38D2-4542-A898-40FB05B0852B}.EngineEditor|Any CPU.ActiveCfg = Debug|Any CPU
		{F257E347-38D2-4542-A898-40FB05B0852B}.EngineEditor|Any CPU.Build.0 = Debug|Any CPU
		{F257E347-38D2-4542-A898-40FB05B0852B}.EngineEditor|Mixed Platforms.ActiveCfg = Debug|Any CPU
		{F257E347-38D2-4542-A898-40FB05B0852B}.EngineEditor|Mixed Platforms.Build.0 = Debug|Any CPU
		{F257E347-38D2-4542-A898-40FB05B0852B}.EngineEditor|x86.ActiveCfg = Debug|Any CPU
		{F257E347-38D2-4542-A898-40FB05B0852B}.EngineEditor|x86.Build.0 = Debug|Any CPU
		{F257E347-38D2-4542-A898-40FB05B0852B}.Release|Any CPU.ActiveCfg = Debug|Any CPU
		{F257E347-38D2-4542-A898-40FB05B0852B}.Release|Any CPU.Build.0 = Debug|Any CPU
		{F257E347-38D2-4542-A898-40FB05B0852B}.Release|Mixed Platforms.ActiveCfg = Debug|Any CPU
		{F257E347-38D2-4542-A898-40FB05B0852B}.Release|Mixed Platforms.Build.0 = Debug|Any CPU
		{F257E347-38D2-4542-A898-40FB05B0852B}.Release|x86.ActiveCfg = Debug|Any CPU
		{F257E347-38D2-4542-A898-40FB05B0852B}.Release|x86.Build.0 = Debug|Any CPU
		{48CDF51F-A311-4D4B-B7F5-A9D11AFD67F8}.CollisionEditor|Any CPU.ActiveCfg = Debug|Any CPU
		{48CDF51F-A311-4D4B-B7F5-A9D11AFD67F8}.CollisionEditor|Any CPU.Build.0 = Debug|Any CPU
		{48CDF51F-A311-4D4B-B7F5-A9D11AFD67F8}.CollisionEditor|Mixed Platforms.ActiveCfg = Debug|Any CPU
		{48CDF51F-A311-4D4B-B7F5-A9D11AFD67F8}.CollisionEditor|Mixed Platforms.Build.0 = Debug|Any CPU
		{48CDF51F-A311-4D4B-B7F5-A9D11AFD67F8}.CollisionEditor|x86.ActiveCfg = Debug|Any CPU
		{48CDF51F-A311-4D4B-B7F5-A9D11AFD67F8}.CollisionEditor|x86.Build.0 = Debug|Any CPU
		{48CDF51F-A311-4D4B-B7F5-A9D11AFD67F8}.DebugGame|Any CPU.ActiveCfg = Debug|Any CPU
		{48CDF51F-A311-4D4B-B7F5-A9D11AFD67F8}.DebugGame|Any CPU.Build.0 = Debug|Any CPU
		{48CDF51F-A311-4D4B-B7F5-A9D11AFD67F8}.DebugGame|Mixed Platforms.ActiveCfg = Debug|Any CPU
		{48CDF51F-A311-4D4B-B7F5-A9D11AFD67F8}.DebugGame|x86.ActiveCfg = Debug|Any CPU
		{48CDF51F-A311-4D4B-B7F5-A9D11AFD67F8}.EngineEditor|Any CPU.ActiveCfg = Debug|Any CPU
		{48CDF51F-A311-4D4B-B7F5-A9D11AFD67F8}.EngineEditor|Any CPU.Build.0 = Debug|Any CPU
		{48CDF51F-A311-4D4B-B7F5-A9D11AFD67F8}.EngineEditor|Mixed Platforms.ActiveCfg = Debug|Any CPU
		{48CDF51F-A311-4D4B-B7F5-A9D11AFD67F8}.EngineEditor|Mixed Platforms.Build.0 = Debug|Any CPU
		{48CDF51F-A311-4D4B-B7F5-A9D11AFD67F8}.EngineEditor|x86.ActiveCfg = Debug|Any CPU
		{48CDF51F-A311-4D4B-B7F5-A9D11AFD67F8}.EngineEditor|x86.Build.0 = Debug|Any CPU
		{48CDF51F-A311-4D4B-B7F5-A9D11AFD67F8}.Release|Any CPU.ActiveCfg = Debug|Any CPU
		{48CDF51F-A311-4D4B-B7F5-A9D11AFD67F8}.Release|Any CPU.Build.0 = Debug|Any CPU
		{48CDF51F-A311-4D4B-B7F5-A9D11AFD67F8}.Release|Mixed Platforms.ActiveCfg = Debug|Any CPU
		{48CDF51F-A311-4D4B-B7F5-A9D11AFD67F8}.Release|Mixed Platforms.Build.0 = Debug|Any CPU
		{48CDF51F-A311-4D4B-B7F5-A9D11AFD67F8}.Release|x86.ActiveCfg = Debug|Any CPU
		{48CDF51F-A311-4D4B-B7F5-A9D11AFD67F8}.Release|x86.Build.0 = Debug|Any CPU
		{0F8ACDED-024C-4B24-A383-745098CA3432}.CollisionEditor|Any CPU.ActiveCfg = Debug|Any CPU
		{0F8ACDED-024C-4B24-A383-745098CA3432}.CollisionEditor|Any CPU.Build.0 = Debug|Any CPU
		{0F8ACDED-024C-4B24-A383-745098CA3432}.CollisionEditor|Mixed Platforms.ActiveCfg = Debug|Any CPU
		{0F8ACDED-024C-4B24-A383-745098CA3432}.CollisionEditor|Mixed Platforms.Build.0 = Debug|Any CPU
		{0F8ACDED-024C-4B24-A383-745098CA3432}.CollisionEditor|x86.ActiveCfg = Debug|Any CPU
		{0F8ACDED-024C-4B24-A383-745098CA3432}.CollisionEditor|x86.Build.0 = Debug|Any CPU
		{0F8ACDED-024C-4B24-A383-745098CA3432}.DebugGame|Any CPU.ActiveCfg = Debug|Any CPU
		{0F8ACDED-024C-4B24-A383-745098CA3432}.DebugGame|Any CPU.Build.0 = Debug|Any CPU
		{0F8ACDED-024C-4B24-A383-745098CA3432}.DebugGame|Mixed Platforms.ActiveCfg = Debug|Any CPU
		{0F8ACDED-024C-4B24-A383-745098CA3432}.DebugGame|x86.ActiveCfg = Debug|Any CPU
		{0F8ACDED-024C-4B24-A383-745098CA3432}.EngineEditor|Any CPU.ActiveCfg = Debug|Any CPU
		{0F8ACDED-024C-4B24-A383-745098CA3432}.EngineEditor|Any CPU.Build.0 = Debug|Any CPU
		{0F8ACDED-024C-4B24-A383-745098CA3432}.EngineEditor|Mixed Platforms.ActiveCfg = Debug|Any CPU
		{0F8ACDED-024C-4B24-A383-745098CA3432}.EngineEditor|Mixed Platforms.Build.0 = Debug|Any CPU
		{0F8ACDED-024C-4B24-A383-745098CA3432}.EngineEditor|x86.ActiveCfg = Debug|Any CPU
		{0F8ACDED-024C-4B24-A383-745098CA3432}.EngineEditor|x86.Build.0 = Debug|Any CPU
		{0F8ACDED-024C-4B24-A383-745098CA3432}.Release|Any CPU.ActiveCfg = Debug|Any CPU
		{0F8ACDED-024C-4B24-A383-745098CA3432}.Release|Any CPU.Build.0 = Debug|Any CPU
		{0F8ACDED-024C-4B24-A383-745098CA3432}.Release|Mixed Platforms.ActiveCfg = Debug|Any CPU
		{0F8ACDED-024C-4B24-A383-745098CA3432}.Release|Mixed Platforms.Build.0 = Debug|Any CPU
		{0F8ACDED-024C-4B24-A383-745098CA3432}.Release|x86.ActiveCfg = Debug|Any CPU
		{0F8ACDED-024C-4B24-A383-745098CA3432}.Release|x86.Build.0 = Debug|Any CPU
		{670BF72D-9CBE-425C-A429-9902AE702047}.CollisionEditor|Any CPU.ActiveCfg = Debug|Any CPU
		{670BF72D-9CBE-425C-A429-9902AE702047}.CollisionEditor|Any CPU.Build.0 = Debug|Any CPU
		{670BF72D-9CBE-425C-A429-9902AE702047}.CollisionEditor|Mixed Platforms.ActiveCfg = Debug|Any CPU
		{670BF72D-9CBE-425C-A429-9902AE702047}.CollisionEditor|Mixed Platforms.Build.0 = Debug|Any CPU
		{670BF72D-9CBE-425C-A429-9902AE702047}.CollisionEditor|x86.ActiveCfg = Debug|Any CPU
		{670BF72D-9CBE-425C-A429-9902AE702047}.CollisionEditor|x86.Build.0 = Debug|Any CPU
		{670BF72D-9CBE-425C-A429-9902AE702047}.DebugGame|Any CPU.ActiveCfg = Debug|Any CPU
		{670BF72D-9CBE-425C-A429-9902AE702047}.DebugGame|Any CPU.Build.0 = Debug|Any CPU
		{670BF72D-9CBE-425C-A429-9902AE702047}.DebugGame|Mixed Platforms.ActiveCfg = Debug|Any CPU
		{670BF72D-9CBE-425C-A429-9902AE702047}.DebugGame|x86.ActiveCfg = Debug|Any CPU
		{670BF72D-9CBE-425C-A429-9902AE702047}.EngineEditor|Any CPU.ActiveCfg = Debug|Any CPU
		{670BF72D-9CBE-425C-A429-9902AE702047}.EngineEditor|Any CPU.Build.0 = Debug|Any CPU
		{670BF72D-9CBE-425C-A429-9902AE702047}.EngineEditor|Mixed Platforms.ActiveCfg = Debug|Any CPU
		{670BF72D-9CBE-425C-A429-9902AE702047}.EngineEditor|Mixed Platforms.Build.0 = Debug|Any CPU
		{670BF72D-9CBE-425C-A429-9902AE702047}.EngineEditor|x86.ActiveCfg = Debug|Any CPU
		{670BF72D-9CBE-425C-A429-9902AE702047}.EngineEditor|x86.Build.0 = Debug|Any CPU
		{670BF72D-9CBE-425C-A429-9902AE702047}.Release|Any CPU.ActiveCfg = Debug|Any CPU
		{670BF72D-9CBE-425C-A429-9902AE702047}.Release|Any CPU.Build.0 = Debug|Any CPU
		{670BF72D-9CBE-425C-A429-9902AE702047}.Release|Mixed Platforms.ActiveCfg = Debug|Any CPU
		{670BF72D-9CBE-425C-A429-9902AE702047}.Release|Mixed Platforms.Build.0 = Debug|Any CPU
		{670BF72D-9CBE-425C-A429-9902AE702047}.Release|x86.ActiveCfg = Debug|Any CPU
		{670BF72D-9CBE-425C-A429-9902AE702047}.Release|x86.Build.0 = Debug|Any CPU
		{3A22604C-9C06-4423-B1A3-606C1CC5CD54}.CollisionEditor|Any CPU.ActiveCfg = Debug|Any CPU
		{3A22604C-9C06-4423-B1A3-606C1CC5CD54}.CollisionEditor|Any CPU.Build.0 = Debug|Any CPU
		{3A22604C-9C06-4423-B1A3-606C1CC5CD54}.CollisionEditor|Mixed Platforms.ActiveCfg = Debug|Any CPU
		{3A22604C-9C06-4423-B1A3-606C1CC5CD54}.CollisionEditor|Mixed Platforms.Build.0 = Debug|Any CPU
		{3A22604C-9C06-4423-B1A3-606C1CC5CD54}.CollisionEditor|x86.ActiveCfg = Debug|Any CPU
		{3A22604C-9C06-4423-B1A3-606C1CC5CD54}.CollisionEditor|x86.Build.0 = Debug|Any CPU
		{3A22604C-9C06-4423-B1A3-606C1CC5CD54}.DebugGame|Any CPU.ActiveCfg = Debug|Any CPU
		{3A22604C-9C06-4423-B1A3-606C1CC5CD54}.DebugGame|Any CPU.Build.0 = Debug|Any CPU
		{3A22604C-9C06-4423-B1A3-606C1CC5CD54}.DebugGame|Mixed Platforms.ActiveCfg = Debug|Any CPU
		{3A22604C-9C06-4423-B1A3-606C1CC5CD54}.DebugGame|x86.ActiveCfg = Debug|Any CPU
		{3A22604C-9C06-4423-B1A3-606C1CC5CD54}.EngineEditor|Any CPU.ActiveCfg = Debug|Any CPU
		{3A22604C-9C06-4423-B1A3-606C1CC5CD54}.EngineEditor|Any CPU.Build.0 = Debug|Any CPU
		{3A22604C-9C06-4423-B1A3-606C1CC5CD54}.EngineEditor|Mixed Platforms.ActiveCfg = Debug|Any CPU
		{3A22604C-9C06-4423-B1A3-606C1CC5CD54}.EngineEditor|Mixed Platforms.Build.0 = Debug|Any CPU
		{3A22604C-9C06-4423-B1A3-606C1CC5CD54}.EngineEditor|x86.ActiveCfg = Debug|Any CPU
		{3A22604C-9C06-4423-B1A3-606C1CC5CD54}.EngineEditor|x86.Build.0 = Debug|Any CPU
		{3A22604C-9C06-4423-B1A3-606C1CC5CD54}.Release|Any CPU.ActiveCfg = Debug|Any CPU
		{3A22604C-9C06-4423-B1A3-606C1CC5CD54}.Release|Any CPU.Build.0 = Debug|Any CPU
		{3A22604C-9C06-4423-B1A3-606C1CC5CD54}.Release|Mixed Platforms.ActiveCfg = Debug|Any CPU
		{3A22604C-9C06-4423-B1A3-606C1CC5CD54}.Release|Mixed Platforms.Build.0 = Debug|Any CPU
		{3A22604C-9C06-4423-B1A3-606C1CC5CD54}.Release|x86.ActiveCfg = Debug|Any CPU
		{3A22604C-9C06-4423-B1A3-606C1CC5CD54}.Release|x86.Build.0 = Debug|Any CPU
		{2FAFBE7A-4393-46C9-9463-04D211F3EAB1}.CollisionEditor|Any CPU.ActiveCfg = Debug|Any CPU
		{2FAFBE7A-4393-46C9-9463-04D211F3EAB1}.CollisionEditor|Any CPU.Build.0 = Debug|Any CPU
		{2FAFBE7A-4393-46C9-9463-04D211F3EAB1}.CollisionEditor|Mixed Platforms.ActiveCfg = Debug|Any CPU
		{2FAFBE7A-4393-46C9-9463-04D211F3EAB1}.CollisionEditor|Mixed Platforms.Build.0 = Debug|Any CPU
		{2FAFBE7A-4393-46C9-9463-04D211F3EAB1}.CollisionEditor|x86.ActiveCfg = Debug|Any CPU
		{2FAFBE7A-4393-46C9-9463-04D211F3EAB1}.CollisionEditor|x86.Build.0 = Debug|Any CPU
		{2FAFBE7A-4393-46C9-9463-04D211F3EAB1}.DebugGame|Any CPU.ActiveCfg = Debug|Any CPU
		{2FAFBE7A-4393-46C9-9463-04D211F3EAB1}.DebugGame|Any CPU.Build.0 = Debug|Any CPU
		{2FAFBE7A-4393-46C9-9463-04D211F3EAB1}.DebugGame|Mixed Platforms.ActiveCfg = Debug|Any CPU
		{2FAFBE7A-4393-46C9-9463-04D211F3EAB1}.DebugGame|x86.ActiveCfg = Debug|Any CPU
		{2FAFBE7A-4393-46C9-9463-04D211F3EAB1}.EngineEditor|Any CPU.ActiveCfg = Debug|Any CPU
		{2FAFBE7A-4393-46C9-9463-04D211F3EAB1}.EngineEditor|Any CPU.Build.0 = Debug|Any CPU
		{2FAFBE7A-4393-46C9-9463-04D211F3EAB1}.EngineEditor|Mixed Platforms.ActiveCfg = Debug|Any CPU
		{2FAFBE7A-4393-46C9-9463-04D211F3EAB1}.EngineEditor|Mixed Platforms.Build.0 = Debug|Any CPU
		{2FAFBE7A-4393-46C9-9463-04D211F3EAB1}.EngineEditor|x86.ActiveCfg = Debug|Any CPU
		{2FAFBE7A-4393-46C9-9463-04D211F3EAB1}.EngineEditor|x86.Build.0 = Debug|Any CPU
		{2FAFBE7A-4393-46C9-9463-04D211F3EAB1}.Release|Any CPU.ActiveCfg = Debug|Any CPU
		{2FAFBE7A-4393-46C9-9463-04D211F3EAB1}.Release|Any CPU.Build.0 = Debug|Any CPU
		{2FAFBE7A-4393-46C9-9463-04D211F3EAB1}.Release|Mixed Platforms.ActiveCfg = Debug|Any CPU
		{2FAFBE7A-4393-46C9-9463-04D211F3EAB1}.Release|Mixed Platforms.Build.0 = Debug|Any CPU
		{2FAFBE7A-4393-46C9-9463-04D211F3EAB1}.Release|x86.ActiveCfg = Debug|Any CPU
		{2FAFBE7A-4393-46C9-9463-04D211F3EAB1}.Release|x86.Build.0 = Debug|Any CPU
	EndGlobalSection
	GlobalSection(SolutionProperties) = preSolution
		HideSolutionNode = FALSE
	EndGlobalSection
	GlobalSection(ExtensibilityGlobals) = postSolution
		SolutionGuid = {13B7A9E9-3392-4B56-AB30-3021CAFFD6E3}
	EndGlobalSection
EndGlobal
