
Microsoft Visual Studio Solution File, Format Version 12.00
# Visual Studio 2013
VisualStudioVersion = 12.0.30501.0
MinimumVisualStudioVersion = 10.0.40219.1
Project("{FAE04EC0-301F-11D3-BF4B-00C04F79EFBC}") = "CParser", "CRender\CParser.csproj", "{F257E347-38D2-4542-A898-40FB05B0852B}"
EndProject
Project("{FAE04EC0-301F-11D3-BF4B-00C04F79EFBC}") = "RenderWindow", "RenderWindow\RenderWindow.csproj", "{D76A5ECB-601D-4897-8B13-CB6449D44AFE}"
EndProject
Global
	GlobalSection(SolutionConfigurationPlatforms) = preSolution
		Debug|Any CPU = Debug|Any CPU
		Release|Any CPU = Release|Any CPU
	EndGlobalSection
	GlobalSection(ProjectConfigurationPlatforms) = postSolution
		{F257E347-38D2-4542-A898-40FB05B0852B}.Debug|Any CPU.ActiveCfg = Debug|Any CPU
		{F257E347-38D2-4542-A898-40FB05B0852B}.Debug|Any CPU.Build.0 = Debug|Any CPU
		{F257E347-38D2-4542-A898-40FB05B0852B}.Release|Any CPU.ActiveCfg = Release|Any CPU
		{F257E347-38D2-4542-A898-40FB05B0852B}.Release|Any CPU.Build.0 = Release|Any CPU
		{D76A5ECB-601D-4897-8B13-CB6449D44AFE}.Debug|Any CPU.ActiveCfg = Debug|Any CPU
		{D76A5ECB-601D-4897-8B13-CB6449D44AFE}.Debug|Any CPU.Build.0 = Debug|Any CPU
		{D76A5ECB-601D-4897-8B13-CB6449D44AFE}.Release|Any CPU.ActiveCfg = Release|Any CPU
		{D76A5ECB-601D-4897-8B13-CB6449D44AFE}.Release|Any CPU.Build.0 = Release|Any CPU
	EndGlobalSection
	GlobalSection(SolutionProperties) = preSolution
		HideSolutionNode = FALSE
	EndGlobalSection
EndGlobal
